github.com/eiannone/keyboard v0.0.0-20200508000154-caf4b762e807 h1:jdjd5e68T4R/j4PWxfZqcKY8KtT9oo8IPNVuV4bSXDQ=
github.com/eiannone/keyboard v0.0.0-20200508000154-caf4b762e807/go.mod h1:Xoiu5VdKMvbRgHuY7+z64lhu/7lvax/22nzASF6GrO8=
github.com/lextoumbourou/idle v0.0.0-20211129071637-69c91a94f74b h1:haSl0Zwayg5bgghIK1hwKtChw9Fr5NvqRlhoxf6nIP8=
github.com/lextoumbourou/idle v0.0.0-20211129071637-69c91a94f74b/go.mod h1:LzWkFRWc/O4Y+L1je8Gj2OnImvZcgQzfkeM7shbM6nQ=
github.com/robbiew/godoors v0.0.0-20220223215713-4e733dca79b3 h1:coNfNk2VJfWHGTm2gDnNAr0h3Nuo13PkW6ThfSur79E=
github.com/robbiew/godoors v0.0.0-20220223215713-4e733dca79b3/go.mod h1:BwGR20eA8UHPzBvZGvEHUy3pgQAI406uefS6BzajnTM=
golang.org/x/sys v0.0.0-20220223155357-96fed51e1446 h1:ka7ppF8KGOfo7t8LOHIzmMPoZCQwgTBuW6nvSxYC84c=
golang.org/x/sys v0.0.0-20220223155357-96fed51e1446/go.mod h1:oPkhp1MJrh7nUepCBck5+mAzfO9JrbApNNgaTdGDITg=
